# generated by rye
# use `rye lock` or `rye sync` to update this lockfile
#
# last locked with the following flags:
#   pre: false
#   features: []
#   all-features: false
#   with-sources: false
#   generate-hashes: false

-e file:.
blinker==1.8.2
    # via flask
click==8.1.7
    # via flask
flask==3.0.3
    # via flask-scss
    # via flask-sqlalchemy
    # via flask-tutorial
flask-scss==0.5
    # via flask-tutorial
flask-sqlalchemy==3.1.1
    # via flask-tutorial
gunicorn==22.0.0
    # via flask-tutorial
itsdangerous==2.2.0
    # via flask
jinja2==3.1.4
    # via flask
markupsafe==2.1.5
    # via jinja2
    # via werkzeug
packaging==24.0
    # via gunicorn
pyscss==1.4.0
    # via flask-scss
six==1.16.0
    # via pyscss
sqlalchemy==2.0.30
    # via flask-sqlalchemy
typing-extensions==4.12.0
    # via sqlalchemy
werkzeug==3.0.3
    # via flask
